{
    "_meta": {
        "hash": {
            "sha256": "32b5936dd2d3d36e11f04af2808787c95cfe5b751ea0887c10efdd721c10e019"
        },
        "pipfile-spec": 6,
        "requires": {
            "python_version": "3.9"
        },
        "sources": [
            {
                "name": "pypi",
                "url": "https://pypi.org/simple",
                "verify_ssl": true
            }
        ]
    },
    "default": {
        "bz2file": {
            "hashes": [
                "sha256:64c1f811e31556ba9931953c8ec7b397488726c63e09a4c67004f43bdd28da88"
            ],
            "index": "pypi",
            "version": "==0.98"
        },
        "certifi": {
            "hashes": [
                "sha256:47f9c83ef4c0c621eaef743f133f09fa8a74a9b75f037e8624f83bd1b6626cb7",
                "sha256:993f830721089fef441cdfeb4b2c8c9df86f0c63239f06bd025a76a7daddb033"
            ],
            "index": "pypi",
            "version": "==2018.11.29"
        },
        "cffi": {
            "hashes": [
                "sha256:00c878c90cb53ccfaae6b8bc18ad05d2036553e6d9d1d9dbcf323bbe83854ca3",
                "sha256:0104fb5ae2391d46a4cb082abdd5c69ea4eab79d8d44eaaf79f1b1fd806ee4c2",
                "sha256:06c48159c1abed75c2e721b1715c379fa3200c7784271b3c46df01383b593636",
                "sha256:0808014eb713677ec1292301ea4c81ad277b6cdf2fdd90fd540af98c0b101d20",
                "sha256:10dffb601ccfb65262a27233ac273d552ddc4d8ae1bf93b21c94b8511bffe728",
                "sha256:14cd121ea63ecdae71efa69c15c5543a4b5fbcd0bbe2aad864baca0063cecf27",
                "sha256:17771976e82e9f94976180f76468546834d22a7cc404b17c22df2a2c81db0c66",
                "sha256:181dee03b1170ff1969489acf1c26533710231c58f95534e3edac87fff06c443",
                "sha256:23cfe892bd5dd8941608f93348c0737e369e51c100d03718f108bf1add7bd6d0",
                "sha256:263cc3d821c4ab2213cbe8cd8b355a7f72a8324577dc865ef98487c1aeee2bc7",
                "sha256:2756c88cbb94231c7a147402476be2c4df2f6078099a6f4a480d239a8817ae39",
                "sha256:27c219baf94952ae9d50ec19651a687b826792055353d07648a5695413e0c605",
                "sha256:2a23af14f408d53d5e6cd4e3d9a24ff9e05906ad574822a10563efcef137979a",
                "sha256:31fb708d9d7c3f49a60f04cf5b119aeefe5644daba1cd2a0fe389b674fd1de37",
                "sha256:3415c89f9204ee60cd09b235810be700e993e343a408693e80ce7f6a40108029",
                "sha256:3773c4d81e6e818df2efbc7dd77325ca0dcb688116050fb2b3011218eda36139",
                "sha256:3b96a311ac60a3f6be21d2572e46ce67f09abcf4d09344c49274eb9e0bf345fc",
                "sha256:3f7d084648d77af029acb79a0ff49a0ad7e9d09057a9bf46596dac9514dc07df",
                "sha256:41d45de54cd277a7878919867c0f08b0cf817605e4eb94093e7516505d3c8d14",
                "sha256:4238e6dab5d6a8ba812de994bbb0a79bddbdf80994e4ce802b6f6f3142fcc880",
                "sha256:45db3a33139e9c8f7c09234b5784a5e33d31fd6907800b316decad50af323ff2",
                "sha256:45e8636704eacc432a206ac7345a5d3d2c62d95a507ec70d62f23cd91770482a",
                "sha256:4958391dbd6249d7ad855b9ca88fae690783a6be9e86df65865058ed81fc860e",
                "sha256:4a306fa632e8f0928956a41fa8e1d6243c71e7eb59ffbd165fc0b41e316b2474",
                "sha256:57e9ac9ccc3101fac9d6014fba037473e4358ef4e89f8e181f8951a2c0162024",
                "sha256:59888172256cac5629e60e72e86598027aca6bf01fa2465bdb676d37636573e8",
                "sha256:5e069f72d497312b24fcc02073d70cb989045d1c91cbd53979366077959933e0",
                "sha256:64d4ec9f448dfe041705426000cc13e34e6e5bb13736e9fd62e34a0b0c41566e",
                "sha256:6dc2737a3674b3e344847c8686cf29e500584ccad76204efea14f451d4cc669a",
                "sha256:74fdfdbfdc48d3f47148976f49fab3251e550a8720bebc99bf1483f5bfb5db3e",
                "sha256:75e4024375654472cc27e91cbe9eaa08567f7fbdf822638be2814ce059f58032",
                "sha256:786902fb9ba7433aae840e0ed609f45c7bcd4e225ebb9c753aa39725bb3e6ad6",
                "sha256:8b6c2ea03845c9f501ed1313e78de148cd3f6cad741a75d43a29b43da27f2e1e",
                "sha256:91d77d2a782be4274da750752bb1650a97bfd8f291022b379bb8e01c66b4e96b",
                "sha256:91ec59c33514b7c7559a6acda53bbfe1b283949c34fe7440bcf917f96ac0723e",
                "sha256:920f0d66a896c2d99f0adbb391f990a84091179542c205fa53ce5787aff87954",
                "sha256:a5263e363c27b653a90078143adb3d076c1a748ec9ecc78ea2fb916f9b861962",
                "sha256:abb9a20a72ac4e0fdb50dae135ba5e77880518e742077ced47eb1499e29a443c",
                "sha256:c2051981a968d7de9dd2d7b87bcb9c939c74a34626a6e2f8181455dd49ed69e4",
                "sha256:c21c9e3896c23007803a875460fb786118f0cdd4434359577ea25eb556e34c55",
                "sha256:c2502a1a03b6312837279c8c1bd3ebedf6c12c4228ddbad40912d671ccc8a962",
                "sha256:d4d692a89c5cf08a8557fdeb329b82e7bf609aadfaed6c0d79f5a449a3c7c023",
                "sha256:da5db4e883f1ce37f55c667e5c0de439df76ac4cb55964655906306918e7363c",
                "sha256:e7022a66d9b55e93e1a845d8c9eba2a1bebd4966cd8bfc25d9cd07d515b33fa6",
                "sha256:ef1f279350da2c586a69d32fc8733092fd32cc8ac95139a00377841f59a3f8d8",
                "sha256:f54a64f8b0c8ff0b64d18aa76675262e1700f3995182267998c31ae974fbc382",
                "sha256:f5c7150ad32ba43a07c4479f40241756145a1f03b43480e058cfd862bf5041c7",
                "sha256:f6f824dc3bce0edab5f427efcfb1d63ee75b6fcb7282900ccaf925be84efb0fc",
                "sha256:fd8a250edc26254fe5b33be00402e6d287f562b6a5b2152dec302fa15bb3e997",
                "sha256:ffaa5c925128e29efbde7301d8ecaf35c8c60ffbcd6a1ffd3a552177c8e5e796"
            ],
            "index": "pypi",
            "version": "==1.15.0"
        },
        "chardet": {
            "hashes": [
                "sha256:84ab92ed1c4d4f16916e05906b6b75a6c0fb5db821cc65e70cbd64a3e2a5eaae",
                "sha256:fc323ffcaeaed0e0a02bf4d117757b98aed530d9ed4531e3e15460124c106691"
            ],
            "index": "pypi",
            "version": "==3.0.4"
        },
        "click": {
            "hashes": [
                "sha256:2335065e6395b9e67ca716de5f7526736bfa6ceead690adf616d925bdc622b13",
                "sha256:5b94b49521f6456670fdb30cd82a4eca9412788a93fa6dd6df72c94d5a8ff2d7"
            ],
            "index": "pypi",
            "version": "==7.0"
        },
        "configobj": {
            "hashes": [
                "sha256:a2f5650770e1c87fb335af19a9b7eb73fc05ccf22144eb68db7d00cd2bcb0902"
            ],
            "index": "pypi",
            "version": "==5.0.6"
        },
        "configparser": {
            "hashes": [
                "sha256:5bd5fa2a491dc3cfe920a3f2a107510d65eceae10e9c6e547b90261a4710df32",
                "sha256:c114ff90ee2e762db972fa205f02491b1f5cf3ff950decd8542c62970c9bedac",
                "sha256:df28e045fbff307a28795b18df6ac8662be3219435560ddb068c283afab1ea7a"
            ],
            "index": "pypi",
            "version": "==3.7.1"
        },
        "cryptography": {
            "hashes": [
                "sha256:0a817b961b46894c5ca8a66b599c745b9a3d9f822725221f0e0fe49dc043a3a3",
                "sha256:2d87cdcb378d3cfed944dac30596da1968f88fb96d7fc34fdae30a99054b2e31",
                "sha256:30ee1eb3ebe1644d1c3f183d115a8c04e4e603ed6ce8e394ed39eea4a98469ac",
                "sha256:391432971a66cfaf94b21c24ab465a4cc3e8bf4a939c1ca5c3e3a6e0abebdbcf",
                "sha256:39bdf8e70eee6b1c7b289ec6e5d84d49a6bfa11f8b8646b5b3dfe41219153316",
                "sha256:4caa4b893d8fad33cf1964d3e51842cd78ba87401ab1d2e44556826df849a8ca",
                "sha256:53e5c1dc3d7a953de055d77bef2ff607ceef7a2aac0353b5d630ab67f7423638",
                "sha256:596f3cd67e1b950bc372c33f1a28a0692080625592ea6392987dba7f09f17a94",
                "sha256:5d59a9d55027a8b88fd9fd2826c4392bd487d74bf628bb9d39beecc62a644c12",
                "sha256:6c0c021f35b421ebf5976abf2daacc47e235f8b6082d3396a2fe3ccd537ab173",
                "sha256:73bc2d3f2444bcfeac67dd130ff2ea598ea5f20b40e36d19821b4df8c9c5037b",
                "sha256:74d6c7e80609c0f4c2434b97b80c7f8fdfaa072ca4baab7e239a15d6d70ed73a",
                "sha256:7be0eec337359c155df191d6ae00a5e8bbb63933883f4f5dffc439dac5348c3f",
                "sha256:94ae132f0e40fe48f310bba63f477f14a43116f05ddb69d6fa31e93f05848ae2",
                "sha256:bb5829d027ff82aa872d76158919045a7c1e91fbf241aec32cb07956e9ebd3c9",
                "sha256:ca238ceb7ba0bdf6ce88c1b74a87bffcee5afbfa1e41e173b1ceb095b39add46",
                "sha256:ca28641954f767f9822c24e927ad894d45d5a1e501767599647259cbf030b903",
                "sha256:e0344c14c9cb89e76eb6a060e67980c9e35b3f36691e15e1b7a9e58a0a6c6dc3",
                "sha256:ebc15b1c22e55c4d5566e3ca4db8689470a0ca2babef8e3a9ee057a8b82ce4b1",
                "sha256:ec63da4e7e4a5f924b90af42eddf20b698a70e58d86a72d943857c4c6045b3ee"
            ],
            "index": "pypi",
            "version": "==36.0.1"
        },
        "decorator": {
            "hashes": [
                "sha256:33cd704aea07b4c28b3eb2c97d288a06918275dac0ecebdaf1bc8a48d98adb9e",
                "sha256:cabb249f4710888a2fc0e13e9a16c343d932033718ff62e1e9bc93a9d3a9122b"
            ],
            "index": "pypi",
            "version": "==4.3.2"
        },
        "dominate": {
            "hashes": [
                "sha256:6e833aea505f0236a9fc692326bac575f8bd38ae0f3a1bdc73d20ca606ac75d5",
                "sha256:a92474b4312bd8b4c1789792f3ec8c571cd8afa8e7502a2b1c64dd48cd67e59c"
            ],
            "index": "pypi",
            "version": "==2.4.0"
        },
        "fitz": {
            "hashes": [
                "sha256:3b75083d58068d9bd51695eb2f78c9c92094cd6c8dada839e93edcddf18c0c5c"
            ],
            "index": "pypi",
            "version": "==0.0.1.dev2"
        },
        "flask": {
            "hashes": [
                "sha256:13f9f196f330c7c2c5d7a5cf91af894110ca0215ac051b5844701f2bfd934d52",
                "sha256:45eb5a6fd193d6cf7e0cf5d8a5b31f83d5faae0293695626f539a823e93b13f6"
            ],
            "index": "pypi",
            "version": "==1.1.1"
        },
        "flask-bootstrap": {
            "hashes": [
                "sha256:cb08ed940183f6343a64e465e83b3a3f13c53e1baabb8d72b5da4545ef123ac8"
            ],
            "index": "pypi",
            "version": "==3.3.7.1"
        },
        "funcsigs": {
            "hashes": [
                "sha256:330cc27ccbf7f1e992e69fef78261dc7c6569012cf397db8d3de0234e6c937ca",
                "sha256:a7bb0f2cf3a3fd1ab2732cb49eba4252c2af4240442415b4abce3b87022a8f50"
            ],
            "index": "pypi",
            "version": "==1.0.2"
        },
        "future": {
            "hashes": [
                "sha256:67045236dcfd6816dc439556d009594abf643e5eb48992e36beac09c2ca659b8"
            ],
            "index": "pypi",
            "version": "==0.17.1"
        },
        "httplib2": {
            "hashes": [
                "sha256:749c32603f9bf16c1277f59531d502e8f1c2ca19901ae653b49c4ed698f0820e",
                "sha256:e0d428dad43c72dbce7d163b7753ffc7a39c097e6788ef10f4198db69b92f08e"
            ],
            "index": "pypi",
            "version": "==0.19.0"
        },
        "icalendar": {
            "hashes": [
                "sha256:347151cb935f5f2f83d58f6dd8aef8558df69f6c1709f1d2cab2000b36def299",
                "sha256:45b9bd1b59107b25db688160ebd8d3916b5a8fae65992dae5d7fc0b102a9ab21"
            ],
            "index": "pypi",
            "version": "==4.0.4"
        },
        "idna": {
            "hashes": [
                "sha256:c357b3f628cf53ae2c4c05627ecc484553142ca23264e593d327bcde5e9c3407",
                "sha256:ea8b7f6188e6fa117537c3df7da9fc686d485087abf6ac197f9c46432f7e4a3c"
            ],
            "index": "pypi",
            "version": "==2.8"
        },
        "isodate": {
            "hashes": [
                "sha256:2e364a3d5759479cdb2d37cce6b9376ea504db2ff90252a2e5b7cc89cc9ff2d8",
                "sha256:aa4d33c06640f5352aca96e4b81afd8ab3b47337cc12089822d6f322ac772c81"
            ],
            "index": "pypi",
            "version": "==0.6.0"
        },
        "itsdangerous": {
            "hashes": [
                "sha256:321b033d07f2a4136d3ec762eac9f16a10ccd60f53c0c91af90217ace7ba1f19",
                "sha256:b12271b2047cb23eeb98c8b5622e2e5c5e9abd9784a153e9d8ef9cb4dd09d749"
            ],
            "index": "pypi",
            "version": "==1.1.0"
        },
        "jinja2": {
            "hashes": [
                "sha256:03e47ad063331dd6a3f04a43eddca8a966a26ba0c5b7207a9a9e4e08f1b29419",
                "sha256:a6d58433de0ae800347cab1fa3043cebbabe8baa9d29e668f1c768cb87a333c6"
            ],
            "index": "pypi",
            "version": "==2.11.3"
        },
        "lxml": {
            "hashes": [
                "sha256:11ae552a78612620afd15625be9f1b82e3cc2e634f90d6b11709b10a100cba59",
                "sha256:121fc6f71c692b49af6c963b84ab7084402624ffbe605287da362f8af0668ea3",
                "sha256:124f09614f999551ac65e5b9875981ce4b66ac4b8e2ba9284572f741935df3d9",
                "sha256:12ae2339d32a2b15010972e1e2467345b7bf962e155671239fba74c229564b7f",
                "sha256:12d8d6fe3ddef629ac1349fa89a638b296a34b6529573f5055d1cb4e5245f73b",
                "sha256:1a2a7659b8eb93c6daee350a0d844994d49245a0f6c05c747f619386fb90ba04",
                "sha256:1ccbfe5d17835db906f2bab6f15b34194db1a5b07929cba3cf45a96dbfbfefc0",
                "sha256:2f77556266a8fe5428b8759fbfc4bd70be1d1d9c9b25d2a414f6a0c0b0f09120",
                "sha256:3534d7c468c044f6aef3c0aff541db2826986a29ea73f2ca831f5d5284d9b570",
                "sha256:3884476a90d415be79adfa4e0e393048630d0d5bcd5757c4c07d8b4b00a1096b",
                "sha256:3b95fb7e6f9c2f53db88f4642231fc2b8907d854e614710996a96f1f32018d5c",
                "sha256:46515773570a33eae13e451c8fcf440222ef24bd3b26f40774dd0bd8b6db15b2",
                "sha256:46f21f2600d001af10e847df9eb3b832e8a439f696c04891bcb8a8cedd859af9",
                "sha256:473701599665d874919d05bb33b56180447b3a9da8d52d6d9799f381ce23f95c",
                "sha256:4b9390bf973e3907d967b75be199cf1978ca8443183cf1e78ad80ad8be9cf242",
                "sha256:4f415624cf8b065796649a5e4621773dc5c9ea574a944c76a7f8a6d3d2906b41",
                "sha256:534032a5ceb34bba1da193b7d386ac575127cc39338379f39a164b10d97ade89",
                "sha256:558485218ee06458643b929765ac1eb04519ca3d1e2dcc288517de864c747c33",
                "sha256:57cf05466917e08f90e323f025b96f493f92c0344694f5702579ab4b7e2eb10d",
                "sha256:59d77bfa3bea13caee95bc0d3f1c518b15049b97dd61ea8b3d71ce677a67f808",
                "sha256:5d5254c815c186744c8f922e2ce861a2bdeabc06520b4b30b2f7d9767791ce6e",
                "sha256:5ea121cb66d7e5cb396b4c3ca90471252b94e01809805cfe3e4e44be2db3a99c",
                "sha256:60aeb14ff9022d2687ef98ce55f6342944c40d00916452bb90899a191802137a",
                "sha256:642eb4cabd997c9b949a994f9643cd8ae00cf4ca8c5cd9c273962296fadf1c44",
                "sha256:6548fc551de15f310dd0564751d9dc3d405278d45ea9b2b369ed1eccf142e1f5",
                "sha256:68a851176c931e2b3de6214347b767451243eeed3bea34c172127bbb5bf6c210",
                "sha256:6e84edecc3a82f90d44ddee2ee2a2630d4994b8471816e226d2b771cda7ac4ca",
                "sha256:73e8614258404b2689a26cb5d002512b8bc4dfa18aca86382f68f959aee9b0c8",
                "sha256:7679bb6e4d9a3978a46ab19a3560e8d2b7265ef3c88152e7fdc130d649789887",
                "sha256:76b6c296e4f7a1a8a128aec42d128646897f9ae9a700ef6839cdc9b3900db9b5",
                "sha256:7f00cc64b49d2ef19ddae898a3def9dd8fda9c3d27c8a174c2889ee757918e71",
                "sha256:8021eeff7fabde21b9858ed058a8250ad230cede91764d598c2466b0ba70db8b",
                "sha256:87f8f7df70b90fbe7b49969f07b347e3f978f8bd1046bb8ecae659921869202b",
                "sha256:916d457ad84e05b7db52700bad0a15c56e0c3000dcaf1263b2fb7a56fe148996",
                "sha256:925174cafb0f1179a7fd38da90302555d7445e34c9ece68019e53c946be7f542",
                "sha256:9801bcd52ac9c795a7d81ea67471a42cffe532e46cfb750cd5713befc5c019c0",
                "sha256:99cf827f5a783038eb313beee6533dddb8bdb086d7269c5c144c1c952d142ace",
                "sha256:a21b78af7e2e13bec6bea12fc33bc05730197674f3e5402ce214d07026ccfebd",
                "sha256:a52e8f317336a44836475e9c802f51c2dc38d612eaa76532cb1d17690338b63b",
                "sha256:a702005e447d712375433ed0499cb6e1503fadd6c96a47f51d707b4d37b76d3c",
                "sha256:a708c291900c40a7ecf23f1d2384ed0bc0604e24094dd13417c7e7f8f7a50d93",
                "sha256:a7790a273225b0c46e5f859c1327f0f659896cc72eaa537d23aa3ad9ff2a1cc1",
                "sha256:abcf7daa5ebcc89328326254f6dd6d566adb483d4d00178892afd386ab389de2",
                "sha256:add017c5bd6b9ec3a5f09248396b6ee2ce61c5621f087eb2269c813cd8813808",
                "sha256:af4139172ff0263d269abdcc641e944c9de4b5d660894a3ec7e9f9db63b56ac9",
                "sha256:b4015baed99d046c760f09a4c59d234d8f398a454380c3cf0b859aba97136090",
                "sha256:ba0006799f21d83c3717fe20e2707a10bbc296475155aadf4f5850f6659b96b9",
                "sha256:bdb98f4c9e8a1735efddfaa995b0c96559792da15d56b76428bdfc29f77c4cdb",
                "sha256:c34234a1bc9e466c104372af74d11a9f98338a3f72fae22b80485171a64e0144",
                "sha256:c580c2a61d8297a6e47f4d01f066517dbb019be98032880d19ece7f337a9401d",
                "sha256:ca9a40497f7e97a2a961c04fa8a6f23d790b0521350a8b455759d786b0bcb203",
                "sha256:cab343b265e38d4e00649cbbad9278b734c5715f9bcbb72c85a1f99b1a58e19a",
                "sha256:ce52aad32ec6e46d1a91ff8b8014a91538800dd533914bfc4a82f5018d971408",
                "sha256:da07c7e7fc9a3f40446b78c54dbba8bfd5c9100dfecb21b65bfe3f57844f5e71",
                "sha256:dc8a0dbb2a10ae8bb609584f5c504789f0f3d0d81840da4849102ec84289f952",
                "sha256:e5b4b0d9440046ead3bd425eb2b852499241ee0cef1ae151038e4f87ede888c4",
                "sha256:f33d8efb42e4fc2b31b3b4527940b25cdebb3026fb56a80c1c1c11a4271d2352",
                "sha256:f6befb83bca720b71d6bd6326a3b26e9496ae6649e26585de024890fe50f49b8",
                "sha256:fcc849b28f584ed1dbf277291ded5c32bb3476a37032df4a1d523b55faa5f944",
                "sha256:ff44de36772b05c2eb74f2b4b6d1ae29b8f41ed5506310ce1258d44826ee38c1"
            ],
            "index": "pypi",
            "version": "==4.6.5"
        },
        "markupsafe": {
            "hashes": [
                "sha256:00bc623926325b26bb9605ae9eae8a215691f33cae5df11ca5424f06f2d1f473",
                "sha256:09027a7803a62ca78792ad89403b1b7a73a01c8cb65909cd876f7fcebd79b161",
                "sha256:09c4b7f37d6c648cb13f9230d847adf22f8171b1ccc4d5682398e77f40309235",
                "sha256:1027c282dad077d0bae18be6794e6b6b8c91d58ed8a8d89a89d59693b9131db5",
                "sha256:13d3144e1e340870b25e7b10b98d779608c02016d5184cfb9927a9f10c689f42",
                "sha256:195d7d2c4fbb0ee8139a6cf67194f3973a6b3042d742ebe0a9ed36d8b6f0c07f",
                "sha256:22c178a091fc6630d0d045bdb5992d2dfe14e3259760e713c490da5323866c39",
                "sha256:24982cc2533820871eba85ba648cd53d8623687ff11cbb805be4ff7b4c971aff",
                "sha256:29872e92839765e546828bb7754a68c418d927cd064fd4708fab9fe9c8bb116b",
                "sha256:2beec1e0de6924ea551859edb9e7679da6e4870d32cb766240ce17e0a0ba2014",
                "sha256:3b8a6499709d29c2e2399569d96719a1b21dcd94410a586a18526b143ec8470f",
                "sha256:43a55c2930bbc139570ac2452adf3d70cdbb3cfe5912c71cdce1c2c6bbd9c5d1",
                "sha256:46c99d2de99945ec5cb54f23c8cd5689f6d7177305ebff350a58ce5f8de1669e",
                "sha256:500d4957e52ddc3351cabf489e79c91c17f6e0899158447047588650b5e69183",
                "sha256:535f6fc4d397c1563d08b88e485c3496cf5784e927af890fb3c3aac7f933ec66",
                "sha256:596510de112c685489095da617b5bcbbac7dd6384aeebeda4df6025d0256a81b",
                "sha256:62fe6c95e3ec8a7fad637b7f3d372c15ec1caa01ab47926cfdf7a75b40e0eac1",
                "sha256:6788b695d50a51edb699cb55e35487e430fa21f1ed838122d722e0ff0ac5ba15",
                "sha256:6dd73240d2af64df90aa7c4e7481e23825ea70af4b4922f8ede5b9e35f78a3b1",
                "sha256:6f1e273a344928347c1290119b493a1f0303c52f5a5eae5f16d74f48c15d4a85",
                "sha256:6fffc775d90dcc9aed1b89219549b329a9250d918fd0b8fa8d93d154918422e1",
                "sha256:717ba8fe3ae9cc0006d7c451f0bb265ee07739daf76355d06366154ee68d221e",
                "sha256:79855e1c5b8da654cf486b830bd42c06e8780cea587384cf6545b7d9ac013a0b",
                "sha256:7c1699dfe0cf8ff607dbdcc1e9b9af1755371f92a68f706051cc8c37d447c905",
                "sha256:7fed13866cf14bba33e7176717346713881f56d9d2bcebab207f7a036f41b850",
                "sha256:84dee80c15f1b560d55bcfe6d47b27d070b4681c699c572af2e3c7cc90a3b8e0",
                "sha256:88e5fcfb52ee7b911e8bb6d6aa2fd21fbecc674eadd44118a9cc3863f938e735",
                "sha256:8defac2f2ccd6805ebf65f5eeb132adcf2ab57aa11fdf4c0dd5169a004710e7d",
                "sha256:98bae9582248d6cf62321dcb52aaf5d9adf0bad3b40582925ef7c7f0ed85fceb",
                "sha256:98c7086708b163d425c67c7a91bad6e466bb99d797aa64f965e9d25c12111a5e",
                "sha256:9add70b36c5666a2ed02b43b335fe19002ee5235efd4b8a89bfcf9005bebac0d",
                "sha256:9bf40443012702a1d2070043cb6291650a0841ece432556f784f004937f0f32c",
                "sha256:a6a744282b7718a2a62d2ed9d993cad6f5f585605ad352c11de459f4108df0a1",
                "sha256:acf08ac40292838b3cbbb06cfe9b2cb9ec78fce8baca31ddb87aaac2e2dc3bc2",
                "sha256:ade5e387d2ad0d7ebf59146cc00c8044acbd863725f887353a10df825fc8ae21",
                "sha256:b00c1de48212e4cc9603895652c5c410df699856a2853135b3967591e4beebc2",
                "sha256:b1282f8c00509d99fef04d8ba936b156d419be841854fe901d8ae224c59f0be5",
                "sha256:b1dba4527182c95a0db8b6060cc98ac49b9e2f5e64320e2b56e47cb2831978c7",
                "sha256:b2051432115498d3562c084a49bba65d97cf251f5a331c64a12ee7e04dacc51b",
                "sha256:b7d644ddb4dbd407d31ffb699f1d140bc35478da613b441c582aeb7c43838dd8",
                "sha256:ba59edeaa2fc6114428f1637ffff42da1e311e29382d81b339c1817d37ec93c6",
                "sha256:bf5aa3cbcfdf57fa2ee9cd1822c862ef23037f5c832ad09cfea57fa846dec193",
                "sha256:c8716a48d94b06bb3b2524c2b77e055fb313aeb4ea620c8dd03a105574ba704f",
                "sha256:caabedc8323f1e93231b52fc32bdcde6db817623d33e100708d9a68e1f53b26b",
                "sha256:cd5df75523866410809ca100dc9681e301e3c27567cf498077e8551b6d20e42f",
                "sha256:cdb132fc825c38e1aeec2c8aa9338310d29d337bebbd7baa06889d09a60a1fa2",
                "sha256:d53bc011414228441014aa71dbec320c66468c1030aae3a6e29778a3382d96e5",
                "sha256:d73a845f227b0bfe8a7455ee623525ee656a9e2e749e4742706d80a6065d5e2c",
                "sha256:d9be0ba6c527163cbed5e0857c451fcd092ce83947944d6c14bc95441203f032",
                "sha256:e249096428b3ae81b08327a63a485ad0878de3fb939049038579ac0ef61e17e7",
                "sha256:e8313f01ba26fbbe36c7be1966a7b7424942f670f38e666995b88d012765b9be",
                "sha256:feb7b34d6325451ef96bc0e36e1a6c0c1c64bc1fbec4b854f4529e51887b1621"
            ],
            "index": "pypi",
            "version": "==1.1.1"
        },
        "networkx": {
            "hashes": [
                "sha256:45e56f7ab6fe81652fb4bc9f44faddb0e9025f469f602df14e3b2551c2ea5c8b"
            ],
            "index": "pypi",
            "version": "==2.2"
        },
        "neurdflib": {
            "hashes": [
                "sha256:65ef138f7a20f646b5257d312e14c624a83abdac4df234e5edcc77dc63bef5e1",
                "sha256:b67fabecf09d2d650a2ae7d661b0451b7dd87f48471f85fde9cc974bceb6f3e7"
            ],
            "index": "pypi",
            "version": "==5.0.0.post1"
        },
        "nibabel": {
            "hashes": [
                "sha256:a163dfafda20294c953b46532e26792f92ae8baa861422f5eebab0d2ac9d436c",
                "sha256:b19b757c4667a065559a29b89de6da0956392d2c4c43123dbbd7e6a18320334f",
                "sha256:b6366634c65b04464e62f3a9a8df1faa172f780ed7f1af1c6818b3dc2f1202c3"
            ],
            "index": "pypi",
            "version": "==2.3.3"
        },
        "nipype": {
            "hashes": [
                "sha256:45eaafa465dadd2ed4748079dcad5a07df694d2650bf704f55e6c966688fe816",
                "sha256:d5eec6de7d8e7020106c42b37d17f99de92824440cc79dfa6080f7c2e6d9fecc"
            ],
            "index": "pypi",
            "version": "==1.1.8"
        },
        "numpy": {
            "hashes": [
                "sha256:07a8c89a04997625236c5ecb7afe35a02af3896c8aa01890a849913a2309c676",
                "sha256:08d9b008d0156c70dc392bb3ab3abb6e7a711383c3247b410b39962263576cd4",
                "sha256:201b4d0552831f7250a08d3b38de0d989d6f6e4658b709a02a73c524ccc6ffce",
                "sha256:2c10a93606e0b4b95c9b04b77dc349b398fdfbda382d2a39ba5a822f669a0123",
                "sha256:3ca688e1b9b95d80250bca34b11a05e389b1420d00e87a0d12dc45f131f704a1",
                "sha256:48a3aecd3b997bf452a2dedb11f4e79bc5bfd21a1d4cc760e703c31d57c84b3e",
                "sha256:568dfd16224abddafb1cbcce2ff14f522abe037268514dd7e42c6776a1c3f8e5",
                "sha256:5bfb1bb598e8229c2d5d48db1860bcf4311337864ea3efdbe1171fb0c5da515d",
                "sha256:639b54cdf6aa4f82fe37ebf70401bbb74b8508fddcf4797f9fe59615b8c5813a",
                "sha256:8251ed96f38b47b4295b1ae51631de7ffa8260b5b087808ef09a39a9d66c97ab",
                "sha256:92bfa69cfbdf7dfc3040978ad09a48091143cffb778ec3b03fa170c494118d75",
                "sha256:97098b95aa4e418529099c26558eeb8486e66bd1e53a6b606d684d0c3616b168",
                "sha256:a3bae1a2ed00e90b3ba5f7bd0a7c7999b55d609e0c54ceb2b076a25e345fa9f4",
                "sha256:c34ea7e9d13a70bf2ab64a2532fe149a9aced424cd05a2c4ba662fd989e3e45f",
                "sha256:dbc7601a3b7472d559dc7b933b18b4b66f9aa7452c120e87dfb33d02008c8a18",
                "sha256:e7927a589df200c5e23c57970bafbd0cd322459aa7b1ff73b7c2e84d6e3eae62",
                "sha256:f8c1f39caad2c896bc0018f699882b345b2a63708008be29b1f355ebf6f933fe",
                "sha256:f950f8845b480cffe522913d35567e29dd381b0dc7e4ce6a4a9f9156417d2430",
                "sha256:fade0d4f4d292b6f39951b6836d7a3c7ef5b2347f3c420cd9820a1d90d794802",
                "sha256:fdf3c08bce27132395d3c3ba1503cac12e17282358cb4bddc25cc46b0aca07aa"
            ],
            "index": "pypi",
            "version": "==1.22.3"
        },
        "packaging": {
            "hashes": [
                "sha256:dd47c42927d89ab911e606518907cc2d3a1f38bbd026385970643f9c5b8ecfeb",
                "sha256:ef103e05f519cdc783ae24ea4e2e0f508a9c99b2d4969652eed6a2e1ea5bd522"
            ],
            "markers": "python_version >= '3.6'",
            "version": "==21.3"
        },
        "pandas": {
            "hashes": [
                "sha256:1e4285f5de1012de20ca46b188ccf33521bff61ba5c5ebd78b4fb28e5416a9f1",
                "sha256:2651d75b9a167cc8cc572cf787ab512d16e316ae00ba81874b560586fa1325e0",
                "sha256:2c21778a688d3712d35710501f8001cdbf96eb70a7c587a3d5613573299fdca6",
                "sha256:32e1a26d5ade11b547721a72f9bfc4bd113396947606e00d5b4a5b79b3dcb006",
                "sha256:3345343206546545bc26a05b4602b6a24385b5ec7c75cb6059599e3d56831da2",
                "sha256:344295811e67f8200de2390093aeb3c8309f5648951b684d8db7eee7d1c81fb7",
                "sha256:37f06b59e5bc05711a518aa10beaec10942188dccb48918bb5ae602ccbc9f1a0",
                "sha256:552020bf83b7f9033b57cbae65589c01e7ef1544416122da0c79140c93288f56",
                "sha256:5cce0c6bbeb266b0e39e35176ee615ce3585233092f685b6a82362523e59e5b4",
                "sha256:5f261553a1e9c65b7a310302b9dbac31cf0049a51695c14ebe04e4bfd4a96f02",
                "sha256:60a8c055d58873ad81cae290d974d13dd479b82cbb975c3e1fa2cf1920715296",
                "sha256:62d5b5ce965bae78f12c1c0df0d387899dd4211ec0bdc52822373f13a3a022b9",
                "sha256:7d28a3c65463fd0d0ba8bbb7696b23073efee0510783340a44b08f5e96ffce0c",
                "sha256:8025750767e138320b15ca16d70d5cdc1886e8f9cc56652d89735c016cd8aea6",
                "sha256:8b6dbec5f3e6d5dc80dcfee250e0a2a652b3f28663492f7dab9a24416a48ac39",
                "sha256:a395692046fd8ce1edb4c6295c35184ae0c2bbe787ecbe384251da609e27edcb",
                "sha256:a62949c626dd0ef7de11de34b44c6475db76995c2064e2d99c6498c3dba7fe58",
                "sha256:aaf183a615ad790801fa3cf2fa450e5b6d23a54684fe386f7e3208f8b9bfbef6",
                "sha256:adfeb11be2d54f275142c8ba9bf67acee771b7186a5745249c7d5a06c670136b",
                "sha256:b6b87b2fb39e6383ca28e2829cddef1d9fc9e27e55ad91ca9c435572cdba51bf",
                "sha256:bd971a3f08b745a75a86c00b97f3007c2ea175951286cdda6abe543e687e5f2f",
                "sha256:c69406a2808ba6cf580c2255bcf260b3f214d2664a3a4197d0e640f573b46fd3",
                "sha256:d3bc49af96cd6285030a64779de5b3688633a07eb75c124b0747134a63f4c05f",
                "sha256:fd541ab09e1f80a2a1760032d665f6e032d8e44055d602d65eeea6e6e85498cb",
                "sha256:fe95bae4e2d579812865db2212bb733144e34d0c6785c0685329e5b60fcb85dd"
            ],
            "index": "pypi",
            "version": "==1.3.5"
        },
        "pillow": {
            "hashes": [
                "sha256:011233e0c42a4a7836498e98c1acf5e744c96a67dd5032a6f666cc1fb97eab97",
                "sha256:0f29d831e2151e0b7b39981756d201f7108d3d215896212ffe2e992d06bfe049",
                "sha256:12875d118f21cf35604176872447cdb57b07126750a33748bac15e77f90f1f9c",
                "sha256:14d4b1341ac07ae07eb2cc682f459bec932a380c3b122f5540432d8977e64eae",
                "sha256:1c3c33ac69cf059bbb9d1a71eeaba76781b450bc307e2291f8a4764d779a6b28",
                "sha256:1d19397351f73a88904ad1aee421e800fe4bbcd1aeee6435fb62d0a05ccd1030",
                "sha256:253e8a302a96df6927310a9d44e6103055e8fb96a6822f8b7f514bb7ef77de56",
                "sha256:2632d0f846b7c7600edf53c48f8f9f1e13e62f66a6dbc15191029d950bfed976",
                "sha256:335ace1a22325395c4ea88e00ba3dc89ca029bd66bd5a3c382d53e44f0ccd77e",
                "sha256:413ce0bbf9fc6278b2d63309dfeefe452835e1c78398efb431bab0672fe9274e",
                "sha256:5100b45a4638e3c00e4d2320d3193bdabb2d75e79793af7c3eb139e4f569f16f",
                "sha256:514ceac913076feefbeaf89771fd6febde78b0c4c1b23aaeab082c41c694e81b",
                "sha256:528a2a692c65dd5cafc130de286030af251d2ee0483a5bf50c9348aefe834e8a",
                "sha256:6295f6763749b89c994fcb6d8a7f7ce03c3992e695f89f00b741b4580b199b7e",
                "sha256:6c8bc8238a7dfdaf7a75f5ec5a663f4173f8c367e5a39f87e720495e1eed75fa",
                "sha256:718856856ba31f14f13ba885ff13874be7fefc53984d2832458f12c38205f7f7",
                "sha256:7f7609a718b177bf171ac93cea9fd2ddc0e03e84d8fa4e887bdfc39671d46b00",
                "sha256:80ca33961ced9c63358056bd08403ff866512038883e74f3a4bf88ad3eb66838",
                "sha256:80fe64a6deb6fcfdf7b8386f2cf216d329be6f2781f7d90304351811fb591360",
                "sha256:81c4b81611e3a3cb30e59b0cf05b888c675f97e3adb2c8672c3154047980726b",
                "sha256:855c583f268edde09474b081e3ddcd5cf3b20c12f26e0d434e1386cc5d318e7a",
                "sha256:9bfdb82cdfeccec50aad441afc332faf8606dfa5e8efd18a6692b5d6e79f00fd",
                "sha256:a5d24e1d674dd9d72c66ad3ea9131322819ff86250b30dc5821cbafcfa0b96b4",
                "sha256:a9f44cd7e162ac6191491d7249cceb02b8116b0f7e847ee33f739d7cb1ea1f70",
                "sha256:b5b3f092fe345c03bca1e0b687dfbb39364b21ebb8ba90e3fa707374b7915204",
                "sha256:b9618823bd237c0d2575283f2939655f54d51b4527ec3972907a927acbcc5bfc",
                "sha256:cef9c85ccbe9bee00909758936ea841ef12035296c748aaceee535969e27d31b",
                "sha256:d21237d0cd37acded35154e29aec853e945950321dd2ffd1a7d86fe686814669",
                "sha256:d3c5c79ab7dfce6d88f1ba639b77e77a17ea33a01b07b99840d6ed08031cb2a7",
                "sha256:d9d7942b624b04b895cb95af03a23407f17646815495ce4547f0e60e0b06f58e",
                "sha256:db6d9fac65bd08cea7f3540b899977c6dee9edad959fa4eaf305940d9cbd861c",
                "sha256:ede5af4a2702444a832a800b8eb7f0a7a1c0eed55b644642e049c98d589e5092",
                "sha256:effb7749713d5317478bb3acb3f81d9d7c7f86726d41c1facca068a04cf5bb4c",
                "sha256:f154d173286a5d1863637a7dcd8c3437bb557520b01bddb0be0258dcb72696b5",
                "sha256:f25ed6e28ddf50de7e7ea99d7a976d6a9c415f03adcaac9c41ff6ff41b6d86ac"
            ],
            "index": "pypi",
            "version": "==9.0.1"
        },
        "prov": {
            "hashes": [
                "sha256:a0c951107eafd508d5a26caa54863dc11fee3da86778db2a559d32450d2030a9",
                "sha256:b9c553cc0775bf193eb62de69e2a2b3bab545ab8e6bf597be243e8f0916e1d1b"
            ],
            "index": "pypi",
            "version": "==1.5.3"
        },
        "pycparser": {
            "hashes": [
                "sha256:8ee45429555515e1f6b185e78100aea234072576aa43ab53aefcae078162fca9",
                "sha256:e644fdec12f7872f86c58ff790da456218b10f863970249516d60a5eaca77206"
            ],
            "index": "pypi",
            "version": "==2.21"
        },
        "pydot": {
            "hashes": [
                "sha256:67be714300c78fda5fd52f79ec994039e3f76f074948c67b5ff539b433ad354f",
                "sha256:d49c9d4dd1913beec2a997f831543c8cbd53e535b1a739e921642fe416235f01"
            ],
            "index": "pypi",
            "version": "==1.4.1"
        },
        "pydotplus": {
            "hashes": [
                "sha256:91e85e9ee9b85d2391ead7d635e3d9c7f5f44fd60a60e59b13e2403fa66505c4"
            ],
            "index": "pypi",
            "version": "==2.0.2"
        },
        "pyopenssl": {
            "hashes": [
                "sha256:660b1b1425aac4a1bea1d94168a85d99f0b3144c869dd4390d27629d0087f1bf",
                "sha256:ea252b38c87425b64116f808355e8da644ef9b07e429398bfece610f893ee2e0"
            ],
            "index": "pypi",
            "version": "==22.0.0"
        },
        "pyparsing": {
            "hashes": [
                "sha256:c203ec8783bf771a155b207279b9bccb8dea02d8f0c9e5f8ead507bc3246ecc1",
                "sha256:ef9d7589ef3c200abe66653d3f1ab1033c3c419ae9b9bdb1240a85b024efc88b"
            ],
            "index": "pypi",
            "version": "==2.4.7"
        },
        "python-dateutil": {
            "hashes": [
                "sha256:063df5763652e21de43de7d9e00ccf239f953a832941e37be541614732cdfc93",
                "sha256:88f9287c0174266bb0d8cedd395cfba9c58e87e5ad86b2ce58859bc11be3cf02"
            ],
            "index": "pypi",
            "version": "==2.7.5"
        },
        "pytz": {
            "hashes": [
                "sha256:32b0891edff07e28efe91284ed9c31e123d84bea3fd98e1f72be2508f43ef8d9",
                "sha256:d5f05e487007e29e03409f9398d074e158d920d36eb82eaf66fb1136b0c5374c"
            ],
            "index": "pypi",
            "version": "==2018.9"
        },
        "pyxnat": {
            "hashes": [
                "sha256:c6e955810f4682a7ca34208c294124c8ecf3d195b4693c13a1c01aab53b6f7b9"
            ],
            "index": "pypi",
            "version": "==1.2.1.0.post3"
        },
        "rdflib": {
            "hashes": [
                "sha256:58d5994610105a457cff7fdfe3d683d87786c5028a45ae032982498a7e913d6f",
                "sha256:da1df14552555c5c7715d8ce71c08f404c988c58a1ecd38552d0da4fc261280d"
            ],
            "index": "pypi",
            "version": "==4.2.2"
        },
        "reportlab": {
            "hashes": [
                "sha256:02a67c8caaf669c63f0c410525137b162d2ade43b43e10bf1ac19b1919f6aa95",
                "sha256:03f2612f2213b78e31a2f1d580881eca89267874ae61e432a33f64df50f590a7",
                "sha256:05627acc324ce213c79fbbcc012d0a576bef8bc540fe0a875a6491c78612b6f4",
                "sha256:068000debb926a4dec6442de6e1fff831f5a6cecfe830d715926c82d8f4eeb0b",
                "sha256:088359b44b418be27b8fb38dd733ac6c3dd611fad10e6dbba3876027ef216e58",
                "sha256:0aabf425f215dc297052194166f951e940c077271d0133bfdd3a08bb56022d6c",
                "sha256:12d9582d9a6cd18bf3f61b355c13261baeb22bc0e994f385750eae9d89ce6846",
                "sha256:1aad24ddfdfcd89f2db7cd10298de55a6e3a6dfc482b2aabf98880986c550fcc",
                "sha256:1be429316812a4c3aacfbee0ef9a84def4a3a0cba37d6c9155563ff8a8a04c8b",
                "sha256:1c32ed1c42bbce03faa02e33d1949cc2ca5eda42c52267cacce28f69cb087663",
                "sha256:1c51729484e0e1784812746c84c8c97215b95b02ba75057bb5dbe4f206a93c64",
                "sha256:1cc100be35dba31ee6865de26d460ade8a4aef451b90c0ec2cc6b7cc5f293440",
                "sha256:244b17fc544d0cd41f61648b247fa2fa8c4e1d47602f5fd6ff4ddd7b29f35642",
                "sha256:25ca368637467d617cd73fd5e68b31f3ceed2db42a175b76951e32bc97345ed7",
                "sha256:31ebc2997c1e57df0cc6a55a83c63e629c8420482bf994e0665e289c4b603c63",
                "sha256:3842f9e815924f9880e4a127afd9b22607f701b352513880b9dd6bcf3a651bb4",
                "sha256:53ec9fbd6e0c5ac9ee3f349700af8f1bb886878c802086b4d9d0b981def239a9",
                "sha256:5da9b84b645e7e7b8f4a219e4d3b5bfce771d0e11f34f861bde4ef5c4b4fc4e6",
                "sha256:603e9980f99cdf1a3325a49c092ad0847e3fe032aa59d9f69421f81b4e2199de",
                "sha256:60bf28718e50f6d28b3e784c64b29bf73477773537ed7b4177aa90e4a54c2323",
                "sha256:6415f16e64c0179ecb2f6231e3433014c5c837ce589661aa8b954944764a8d31",
                "sha256:6566fa308633661ec9053ce4dcd145fb10b6f9cc0cf7aa2fee84e9e8f2c77d2d",
                "sha256:662ee549793e9b38ecb5dae2521352ff73f05c2816665327835a3a12abe36edc",
                "sha256:71617eac54a207ae24e6ac78feee02aca61d5954844ada786c186748c9517565",
                "sha256:76257019f254b655b95e88df7ebd1c39ac90543987e968f6e5bdf91797d012f3",
                "sha256:7c730dc5421b1b39cbaa39098ef9c7a79f216ab479718eb27bbd0fc3947ddea0",
                "sha256:9aa2a746bfbd7878af74d22ed3c2cfc7b920dedf47d943146a20a6e196ab4fcd",
                "sha256:9b2b28fe14de1124c310cc349dcb71bb3018ffa11d9eeb4ed7e8acd2570fb8b0",
                "sha256:a12dd3ddc2950adbe47d874fd0b675f67d724600eb96da8ab72dc37f9d4d71b2",
                "sha256:a8d071c30166deb03c4f99af1d8f48355f8acbe4d05b7b5c3a616a41b2bae3ad",
                "sha256:a9218f499ac42133090f16e33a622eff69248753b5c6738c0ee7b916fa084752",
                "sha256:b41ed7754de6d1702065c53e5e6f266571eca4139f875bc127849d9c8238a704",
                "sha256:b4efd9b1b9bcc95e41e80130be00e89b1ea56b816a362d5f2eb2f141df624ad9",
                "sha256:cd0f0cd614a6fdc3b5a76351e9462956fd4d9b62b0e3ca5e7767259768905818",
                "sha256:dc7657fcb0bc3e485c3c869a44dddb52d711356a01a456664b7bef827222c982",
                "sha256:fdfc56c20b77f0a8ddcdfd13e4dec916dc9c8f1dc59c27611fa7d69e2cfb9a4a"
            ],
            "index": "pypi",
            "version": "==3.6.8"
        },
        "requests": {
            "hashes": [
                "sha256:502a824f31acdacb3a35b6690b5fbf0bc41d63a24a45c4004352b0242707598e",
                "sha256:7bf2a778576d825600030a110f3c0e3e8edc51dfaafe1c146e39a2027784957b"
            ],
            "index": "pypi",
            "version": "==2.21.0"
        },
        "scipy": {
            "hashes": [
                "sha256:011d4386b53b933142f58a652aa0f149c9b9242abd4f900b9f4ea5fbafc86b89",
                "sha256:16e09ef68b352d73befa8bcaf3ebe25d3941fe1a58c82909d5589856e6bc8174",
                "sha256:31d4f2d6b724bc9a98e527b5849b8a7e589bf1ea630c33aa563eda912c9ff0bd",
                "sha256:38aa39b6724cb65271e469013aeb6f2ce66fd44f093e241c28a9c6bc64fd79ed",
                "sha256:3d573228c10a3a8c32b9037be982e6440e411b443a6267b067cac72f690b8d56",
                "sha256:3d9dd6c8b93a22bf9a3a52d1327aca7e092b1299fb3afc4f89e8eba381be7b59",
                "sha256:559a8a4c03a5ba9fe3232f39ed24f86457e4f3f6c0abbeae1fb945029f092720",
                "sha256:5e73343c5e0d413c1f937302b2e04fb07872f5843041bcfd50699aef6e95e399",
                "sha256:723b9f878095ed994756fa4ee3060c450e2db0139c5ba248ee3f9628bd64e735",
                "sha256:87b01c7d5761e8a266a0fbdb9d88dcba0910d63c1c671bdb4d99d29f469e9e03",
                "sha256:8f4d059a97b29c91afad46b1737274cb282357a305a80bdd9e8adf3b0ca6a3f0",
                "sha256:92b2c2af4183ed09afb595709a8ef5783b2baf7f41e26ece24e1329c109691a7",
                "sha256:937d28722f13302febde29847bbe554b89073fbb924a30475e5ed7b028898b5f",
                "sha256:a279e27c7f4566ef18bab1b1e2c37d168e365080974758d107e7d237d3f0f484",
                "sha256:ad5be4039147c808e64f99c0e8a9641eb5d2fa079ff5894dcd8240e94e347af4",
                "sha256:ae3e327da323d82e918e593460e23babdce40d7ab21490ddf9fc06dec6b91a18",
                "sha256:bb7088e89cd751acf66195d2f00cf009a1ea113f3019664032d9075b1e727b6c",
                "sha256:c17a1878d00a5dd2797ccd73623ceca9d02375328f6218ee6d921e1325e61aff",
                "sha256:c2bae431d127bf0b1da81fc24e4bba0a84d058e3a96b9dd6475dfcb3c5e8761e",
                "sha256:de2e80ee1d925984c2504812a310841c241791c5279352be4707cdcd7c255039",
                "sha256:e6f0cd9c0bd374ef834ee1e0f0999678d49dcc400ea6209113d81528958f97c7",
                "sha256:f3720d0124aced49f6f2198a6900304411dbbeed12f56951d7c66ebef05e3df6",
                "sha256:f4a6d3b9f9797eb2d43938ac2c5d96d02aed17ef170c8b38f11798717523ddba"
            ],
            "index": "pypi",
            "version": "==1.8.0"
        },
        "simplejson": {
            "hashes": [
                "sha256:067a7177ddfa32e1483ba5169ebea1bc2ea27f224853211ca669325648ca5642",
                "sha256:2b8cb601d9ba0381499db719ccc9dfbb2fbd16013f5ff096b1a68a4775576a04",
                "sha256:2c139daf167b96f21542248f8e0a06596c9b9a7a41c162cc5c9ee9f3833c93cd",
                "sha256:2fc546e6af49fb45b93bbe878dea4c48edc34083729c0abd09981fe55bdf7f91",
                "sha256:354fa32b02885e6dae925f1b5bbf842c333c1e11ea5453ddd67309dc31fdb40a",
                "sha256:37e685986cf6f8144607f90340cff72d36acf654f3653a6c47b84c5c38d00df7",
                "sha256:3af610ee72efbe644e19d5eaad575c73fb83026192114e5f6719f4901097fce2",
                "sha256:3b919fc9cf508f13b929a9b274c40786036b31ad28657819b3b9ba44ba651f50",
                "sha256:3dd289368bbd064974d9a5961101f080e939cbe051e6689a193c99fb6e9ac89b",
                "sha256:491de7acc423e871a814500eb2dcea8aa66c4a4b1b4825d18f756cdf58e370cb",
                "sha256:495511fe5f10ccf4e3ed4fc0c48318f533654db6c47ecbc970b4ed215c791968",
                "sha256:65b41a5cda006cfa7c66eabbcf96aa704a6be2a5856095b9e2fd8c293bad2b46",
                "sha256:6c3258ffff58712818a233b9737fe4be943d306c40cf63d14ddc82ba563f483a",
                "sha256:75e3f0b12c28945c08f54350d91e624f8dd580ab74fd4f1bbea54bc6b0165610",
                "sha256:79b129fe65fdf3765440f7a73edaffc89ae9e7885d4e2adafe6aa37913a00fbb",
                "sha256:b1f329139ba647a9548aa05fb95d046b4a677643070dc2afc05fa2e975d09ca5",
                "sha256:c206f47cbf9f32b573c9885f0ec813d2622976cf5effcf7e472344bc2e020ac1",
                "sha256:d8e238f20bcf70063ee8691d4a72162bcec1f4c38f83c93e6851e72ad545dabb",
                "sha256:ee9625fc8ee164902dfbb0ff932b26df112da9f871c32f0f9c1bcf20c350fe2a",
                "sha256:fb2530b53c28f0d4d84990e945c2ebb470edb469d63e389bf02ff409012fe7c5",
                "sha256:feadb95170e45f439455354904768608e356c5b174ca30b3d11b0e3f24b5c0df"
            ],
            "index": "pypi",
            "version": "==3.16.0"
        },
        "six": {
            "hashes": [
                "sha256:3350809f0555b11f552448330d0b52d5f24c91a322ea4a15ef22629740f3761c",
                "sha256:d16a0141ec1a18405cd4ce8b4613101da75da0e9a7aec5bdd4fa804d0e0eba73"
            ],
            "index": "pypi",
            "version": "==1.12.0"
        },
        "traits": {
            "hashes": [
                "sha256:8369117036fbbe00dbd40e1a01c8775b52bdbfa11db5788168e7c8c56663bac0"
            ],
            "index": "pypi",
            "version": "==5.0.0"
        },
        "urllib3": {
            "hashes": [
                "sha256:2393a695cd12afedd0dcb26fe5d50d0cf248e5a66f75dbd89a3d4eb333a61af4",
                "sha256:a637e5fae88995b256e3409dc4d52c2e2e0ba32c42a6365fee8bbd2238de3cfb"
            ],
            "index": "pypi",
            "version": "==1.24.3"
        },
        "visitor": {
            "hashes": [
                "sha256:2c737903b2b6864ebc6167eef7cf3b997126f1aa94bdf590f90f1436d23e480a"
            ],
            "index": "pypi",
            "version": "==0.1.3"
        },
        "werkzeug": {
            "hashes": [
                "sha256:7280924747b5733b246fe23972186c6b348f9ae29724135a6dfc1e53cea433e7",
                "sha256:e5f4a1f98b52b18a93da705a7458e55afb26f32bff83ff5d19189f92462d65c4"
            ],
            "index": "pypi",
            "version": "==0.16.0"
        },
        "xlrd": {
            "hashes": [
                "sha256:546eb36cee8db40c3eaa46c351e67ffee6eeb5fa2650b71bc4c758a29a1b29b2",
                "sha256:e551fb498759fa3a5384a94ccd4c3c02eb7c00ea424426e212ac0c57be9dfbde"
            ],
            "index": "pypi",
            "version": "==1.2.0"
        }
    },
    "develop": {}
}
